
Microsoft Visual Studio Solution File, Format Version 12.00
# Visual Studio Version 16
VisualStudioVersion = 16.0.30717.126
MinimumVisualStudioVersion = 10.0.40219.1
Project("{9A19103F-16F7-4668-BE54-9A1E7A4F7556}") = "Benchmark", "Benchmark\Benchmark.csproj", "{CDD741C3-40CD-4B67-89CE-BA9D51E78BBC}"
EndProject
Project("{9A19103F-16F7-4668-BE54-9A1E7A4F7556}") = "EncTypes", "EncTypes\EncTypes.csproj", "{BC73D87F-052D-410C-8C93-883370F907E1}"
EndProject
Global
	GlobalSection(SolutionConfigurationPlatforms) = preSolution
		Debug|Any CPU = Debug|Any CPU
		Release|Any CPU = Release|Any CPU
	EndGlobalSection
	GlobalSection(ProjectConfigurationPlatforms) = postSolution
		{CDD741C3-40CD-4B67-89CE-BA9D51E78BBC}.Debug|Any CPU.ActiveCfg = Debug|Any CPU
		{CDD741C3-40CD-4B67-89CE-BA9D51E78BBC}.Debug|Any CPU.Build.0 = Debug|Any CPU
		{CDD741C3-40CD-4B67-89CE-BA9D51E78BBC}.Release|Any CPU.ActiveCfg = Release|Any CPU
		{CDD741C3-40CD-4B67-89CE-BA9D51E78BBC}.Release|Any CPU.Build.0 = Release|Any CPU
		{BC73D87F-052D-410C-8C93-883370F907E1}.Debug|Any CPU.ActiveCfg = Debug|Any CPU
		{BC73D87F-052D-410C-8C93-883370F907E1}.Debug|Any CPU.Build.0 = Debug|Any CPU
		{BC73D87F-052D-410C-8C93-883370F907E1}.Release|Any CPU.ActiveCfg = Release|Any CPU
		{BC73D87F-052D-410C-8C93-883370F907E1}.Release|Any CPU.Build.0 = Release|Any CPU
	EndGlobalSection
	GlobalSection(SolutionProperties) = preSolution
		HideSolutionNode = FALSE
	EndGlobalSection
	GlobalSection(ExtensibilityGlobals) = postSolution
		SolutionGuid = {B2632D38-B1EB-4C12-8C86-83368BEB350E}
	EndGlobalSection
EndGlobal
