
Microsoft Visual Studio Solution File, Format Version 12.00
# Visual Studio Version 16
VisualStudioVersion = 16.0.30717.126
MinimumVisualStudioVersion = 10.0.40219.1
Project("{9A19103F-16F7-4668-BE54-9A1E7A4F7556}") = "EncTypes", "src\EncTypes\EncTypes.csproj", "{55BB0554-83E8-4C0E-9C42-1C69CD407286}"
EndProject
Project("{9A19103F-16F7-4668-BE54-9A1E7A4F7556}") = "Benchmark", "src\Benchmark\Benchmark.csproj", "{4FE53A51-4B87-4CAB-968C-A361154AAC98}"
EndProject
Global
	GlobalSection(SolutionConfigurationPlatforms) = preSolution
		Debug|Any CPU = Debug|Any CPU
		Release|Any CPU = Release|Any CPU
	EndGlobalSection
	GlobalSection(ProjectConfigurationPlatforms) = postSolution
		{55BB0554-83E8-4C0E-9C42-1C69CD407286}.Debug|Any CPU.ActiveCfg = Debug|Any CPU
		{55BB0554-83E8-4C0E-9C42-1C69CD407286}.Debug|Any CPU.Build.0 = Debug|Any CPU
		{55BB0554-83E8-4C0E-9C42-1C69CD407286}.Release|Any CPU.ActiveCfg = Release|Any CPU
		{55BB0554-83E8-4C0E-9C42-1C69CD407286}.Release|Any CPU.Build.0 = Release|Any CPU
		{4FE53A51-4B87-4CAB-968C-A361154AAC98}.Debug|Any CPU.ActiveCfg = Debug|Any CPU
		{4FE53A51-4B87-4CAB-968C-A361154AAC98}.Debug|Any CPU.Build.0 = Debug|Any CPU
		{4FE53A51-4B87-4CAB-968C-A361154AAC98}.Release|Any CPU.ActiveCfg = Release|Any CPU
		{4FE53A51-4B87-4CAB-968C-A361154AAC98}.Release|Any CPU.Build.0 = Release|Any CPU
	EndGlobalSection
	GlobalSection(SolutionProperties) = preSolution
		HideSolutionNode = FALSE
	EndGlobalSection
	GlobalSection(ExtensibilityGlobals) = postSolution
		SolutionGuid = {B2632D38-B1EB-4C12-8C86-83368BEB350E}
	EndGlobalSection
EndGlobal
